// !$*UTF8*$!
{
	archiveVersion = 1;
	classes = {
	};
	objectVersion = 55;
	objects = {

/* Begin PBXBuildFile section */
		867E775E26DD79910070EFE5 /* AppDelegate.swift in Sources */ = {isa = PBXBuildFile; fileRef = 867E775D26DD79910070EFE5 /* AppDelegate.swift */; };
		867E776026DD79910070EFE5 /* SceneDelegate.swift in Sources */ = {isa = PBXBuildFile; fileRef = 867E775F26DD79910070EFE5 /* SceneDelegate.swift */; };
		867E776226DD79910070EFE5 /* MoviesListViewController.swift in Sources */ = {isa = PBXBuildFile; fileRef = 867E776126DD79910070EFE5 /* MoviesListViewController.swift */; };
		867E776526DD79910070EFE5 /* Main.storyboard in Resources */ = {isa = PBXBuildFile; fileRef = 867E776326DD79910070EFE5 /* Main.storyboard */; };
		867E776726DD79960070EFE5 /* Assets.xcassets in Resources */ = {isa = PBXBuildFile; fileRef = 867E776626DD79960070EFE5 /* Assets.xcassets */; };
		867E776A26DD79960070EFE5 /* LaunchScreen.storyboard in Resources */ = {isa = PBXBuildFile; fileRef = 867E776826DD79960070EFE5 /* LaunchScreen.storyboard */; };
		867E777526DD79970070EFE5 /* MovieBrowserTests.swift in Sources */ = {isa = PBXBuildFile; fileRef = 867E777426DD79970070EFE5 /* MovieBrowserTests.swift */; };
		867E777F26DD79970070EFE5 /* MovieBrowserUITests.swift in Sources */ = {isa = PBXBuildFile; fileRef = 867E777E26DD79970070EFE5 /* MovieBrowserUITests.swift */; };
		867E778F26DD7AA30070EFE5 /* Endpoints.swift in Sources */ = {isa = PBXBuildFile; fileRef = 867E778E26DD7AA30070EFE5 /* Endpoints.swift */; };
		867E779226DD7B090070EFE5 /* MovieDecodingTests.swift in Sources */ = {isa = PBXBuildFile; fileRef = 867E779126DD7B090070EFE5 /* MovieDecodingTests.swift */; };
		867E779426DD7B5E0070EFE5 /* MoviesPage.swift in Sources */ = {isa = PBXBuildFile; fileRef = 867E779326DD7B5E0070EFE5 /* MoviesPage.swift */; };
		867E779626DD7B7E0070EFE5 /* Movie.swift in Sources */ = {isa = PBXBuildFile; fileRef = 867E779526DD7B7E0070EFE5 /* Movie.swift */; };
		867E779826DD803A0070EFE5 /* MoviesListDataSource.swift in Sources */ = {isa = PBXBuildFile; fileRef = 867E779726DD803A0070EFE5 /* MoviesListDataSource.swift */; };
		867E779C26DD86860070EFE5 /* MovieCell.swift in Sources */ = {isa = PBXBuildFile; fileRef = 867E779B26DD86860070EFE5 /* MovieCell.swift */; };
/* End PBXBuildFile section */

/* Begin PBXContainerItemProxy section */
		867E777126DD79970070EFE5 /* PBXContainerItemProxy */ = {
			isa = PBXContainerItemProxy;
			containerPortal = 867E775226DD79910070EFE5 /* Project object */;
			proxyType = 1;
			remoteGlobalIDString = 867E775926DD79910070EFE5;
			remoteInfo = MovieBrowser;
		};
		867E777B26DD79970070EFE5 /* PBXContainerItemProxy */ = {
			isa = PBXContainerItemProxy;
			containerPortal = 867E775226DD79910070EFE5 /* Project object */;
			proxyType = 1;
			remoteGlobalIDString = 867E775926DD79910070EFE5;
			remoteInfo = MovieBrowser;
		};
/* End PBXContainerItemProxy section */

/* Begin PBXFileReference section */
		867E775A26DD79910070EFE5 /* MovieBrowser.app */ = {isa = PBXFileReference; explicitFileType = wrapper.application; includeInIndex = 0; path = MovieBrowser.app; sourceTree = BUILT_PRODUCTS_DIR; };
		867E775D26DD79910070EFE5 /* AppDelegate.swift */ = {isa = PBXFileReference; lastKnownFileType = sourcecode.swift; path = AppDelegate.swift; sourceTree = "<group>"; };
		867E775F26DD79910070EFE5 /* SceneDelegate.swift */ = {isa = PBXFileReference; lastKnownFileType = sourcecode.swift; path = SceneDelegate.swift; sourceTree = "<group>"; };
		867E776126DD79910070EFE5 /* MoviesListViewController.swift */ = {isa = PBXFileReference; lastKnownFileType = sourcecode.swift; path = MoviesListViewController.swift; sourceTree = "<group>"; };
		867E776426DD79910070EFE5 /* Base */ = {isa = PBXFileReference; lastKnownFileType = file.storyboard; name = Base; path = Base.lproj/Main.storyboard; sourceTree = "<group>"; };
		867E776626DD79960070EFE5 /* Assets.xcassets */ = {isa = PBXFileReference; lastKnownFileType = folder.assetcatalog; path = Assets.xcassets; sourceTree = "<group>"; };
		867E776926DD79960070EFE5 /* Base */ = {isa = PBXFileReference; lastKnownFileType = file.storyboard; name = Base; path = Base.lproj/LaunchScreen.storyboard; sourceTree = "<group>"; };
		867E776B26DD79960070EFE5 /* Info.plist */ = {isa = PBXFileReference; lastKnownFileType = text.plist.xml; path = Info.plist; sourceTree = "<group>"; };
		867E777026DD79970070EFE5 /* MovieBrowserTests.xctest */ = {isa = PBXFileReference; explicitFileType = wrapper.cfbundle; includeInIndex = 0; path = MovieBrowserTests.xctest; sourceTree = BUILT_PRODUCTS_DIR; };
		867E777426DD79970070EFE5 /* MovieBrowserTests.swift */ = {isa = PBXFileReference; lastKnownFileType = sourcecode.swift; path = MovieBrowserTests.swift; sourceTree = "<group>"; };
		867E777A26DD79970070EFE5 /* MovieBrowserUITests.xctest */ = {isa = PBXFileReference; explicitFileType = wrapper.cfbundle; includeInIndex = 0; path = MovieBrowserUITests.xctest; sourceTree = BUILT_PRODUCTS_DIR; };
		867E777E26DD79970070EFE5 /* MovieBrowserUITests.swift */ = {isa = PBXFileReference; lastKnownFileType = sourcecode.swift; path = MovieBrowserUITests.swift; sourceTree = "<group>"; };
		867E778E26DD7AA30070EFE5 /* Endpoints.swift */ = {isa = PBXFileReference; lastKnownFileType = sourcecode.swift; path = Endpoints.swift; sourceTree = "<group>"; };
		867E779126DD7B090070EFE5 /* MovieDecodingTests.swift */ = {isa = PBXFileReference; lastKnownFileType = sourcecode.swift; path = MovieDecodingTests.swift; sourceTree = "<group>"; };
		867E779326DD7B5E0070EFE5 /* MoviesPage.swift */ = {isa = PBXFileReference; lastKnownFileType = sourcecode.swift; path = MoviesPage.swift; sourceTree = "<group>"; };
		867E779526DD7B7E0070EFE5 /* Movie.swift */ = {isa = PBXFileReference; lastKnownFileType = sourcecode.swift; path = Movie.swift; sourceTree = "<group>"; };
		867E779726DD803A0070EFE5 /* MoviesListDataSource.swift */ = {isa = PBXFileReference; lastKnownFileType = sourcecode.swift; path = MoviesListDataSource.swift; sourceTree = "<group>"; };
		867E779B26DD86860070EFE5 /* MovieCell.swift */ = {isa = PBXFileReference; lastKnownFileType = sourcecode.swift; path = MovieCell.swift; sourceTree = "<group>"; };
/* End PBXFileReference section */

/* Begin PBXFrameworksBuildPhase section */
		867E775726DD79910070EFE5 /* Frameworks */ = {
			isa = PBXFrameworksBuildPhase;
			buildActionMask = 2147483647;
			files = (
			);
			runOnlyForDeploymentPostprocessing = 0;
		};
		867E776D26DD79970070EFE5 /* Frameworks */ = {
			isa = PBXFrameworksBuildPhase;
			buildActionMask = 2147483647;
			files = (
			);
			runOnlyForDeploymentPostprocessing = 0;
		};
		867E777726DD79970070EFE5 /* Frameworks */ = {
			isa = PBXFrameworksBuildPhase;
			buildActionMask = 2147483647;
			files = (
			);
			runOnlyForDeploymentPostprocessing = 0;
		};
/* End PBXFrameworksBuildPhase section */

/* Begin PBXGroup section */
		867E775126DD79910070EFE5 = {
			isa = PBXGroup;
			children = (
				867E775C26DD79910070EFE5 /* MovieBrowser */,
				867E777326DD79970070EFE5 /* MovieBrowserTests */,
				867E777D26DD79970070EFE5 /* MovieBrowserUITests */,
				867E775B26DD79910070EFE5 /* Products */,
			);
			sourceTree = "<group>";
		};
		867E775B26DD79910070EFE5 /* Products */ = {
			isa = PBXGroup;
			children = (
				867E775A26DD79910070EFE5 /* MovieBrowser.app */,
				867E777026DD79970070EFE5 /* MovieBrowserTests.xctest */,
				867E777A26DD79970070EFE5 /* MovieBrowserUITests.xctest */,
			);
			name = Products;
			sourceTree = "<group>";
		};
		867E775C26DD79910070EFE5 /* MovieBrowser */ = {
			isa = PBXGroup;
			children = (
				867E779A26DD86660070EFE5 /* Views */,
				867E779926DD803F0070EFE5 /* Controllers */,
				867E779026DD7AE80070EFE5 /* API */,
				867E778B26DD7A890070EFE5 /* Models */,
				867E775D26DD79910070EFE5 /* AppDelegate.swift */,
				867E775F26DD79910070EFE5 /* SceneDelegate.swift */,
				867E776326DD79910070EFE5 /* Main.storyboard */,
				867E776826DD79960070EFE5 /* LaunchScreen.storyboard */,
				867E776626DD79960070EFE5 /* Assets.xcassets */,
				867E776B26DD79960070EFE5 /* Info.plist */,
			);
			path = MovieBrowser;
			sourceTree = "<group>";
		};
		867E777326DD79970070EFE5 /* MovieBrowserTests */ = {
			isa = PBXGroup;
			children = (
				867E777426DD79970070EFE5 /* MovieBrowserTests.swift */,
				867E779126DD7B090070EFE5 /* MovieDecodingTests.swift */,
			);
			path = MovieBrowserTests;
			sourceTree = "<group>";
		};
		867E777D26DD79970070EFE5 /* MovieBrowserUITests */ = {
			isa = PBXGroup;
			children = (
				867E777E26DD79970070EFE5 /* MovieBrowserUITests.swift */,
			);
			path = MovieBrowserUITests;
			sourceTree = "<group>";
		};
		867E778B26DD7A890070EFE5 /* Models */ = {
			isa = PBXGroup;
			children = (
				867E779326DD7B5E0070EFE5 /* MoviesPage.swift */,
				867E779526DD7B7E0070EFE5 /* Movie.swift */,
			);
			path = Models;
			sourceTree = "<group>";
		};
		867E779026DD7AE80070EFE5 /* API */ = {
			isa = PBXGroup;
			children = (
				867E778E26DD7AA30070EFE5 /* Endpoints.swift */,
			);
			path = API;
			sourceTree = "<group>";
		};
		867E779926DD803F0070EFE5 /* Controllers */ = {
			isa = PBXGroup;
			children = (
				867E776126DD79910070EFE5 /* MoviesListViewController.swift */,
				867E779726DD803A0070EFE5 /* MoviesListDataSource.swift */,
			);
			path = Controllers;
			sourceTree = "<group>";
		};
		867E779A26DD86660070EFE5 /* Views */ = {
			isa = PBXGroup;
			children = (
				867E779B26DD86860070EFE5 /* MovieCell.swift */,
			);
			path = Views;
			sourceTree = "<group>";
		};
/* End PBXGroup section */

/* Begin PBXNativeTarget section */
		867E775926DD79910070EFE5 /* MovieBrowser */ = {
			isa = PBXNativeTarget;
			buildConfigurationList = 867E778226DD79970070EFE5 /* Build configuration list for PBXNativeTarget "MovieBrowser" */;
			buildPhases = (
				867E775626DD79910070EFE5 /* Sources */,
				867E775726DD79910070EFE5 /* Frameworks */,
				867E775826DD79910070EFE5 /* Resources */,
			);
			buildRules = (
			);
			dependencies = (
			);
			name = MovieBrowser;
			productName = MovieBrowser;
			productReference = 867E775A26DD79910070EFE5 /* MovieBrowser.app */;
			productType = "com.apple.product-type.application";
		};
		867E776F26DD79970070EFE5 /* MovieBrowserTests */ = {
			isa = PBXNativeTarget;
			buildConfigurationList = 867E778526DD79970070EFE5 /* Build configuration list for PBXNativeTarget "MovieBrowserTests" */;
			buildPhases = (
				867E776C26DD79970070EFE5 /* Sources */,
				867E776D26DD79970070EFE5 /* Frameworks */,
				867E776E26DD79970070EFE5 /* Resources */,
			);
			buildRules = (
			);
			dependencies = (
				867E777226DD79970070EFE5 /* PBXTargetDependency */,
			);
			name = MovieBrowserTests;
			productName = MovieBrowserTests;
			productReference = 867E777026DD79970070EFE5 /* MovieBrowserTests.xctest */;
			productType = "com.apple.product-type.bundle.unit-test";
		};
		867E777926DD79970070EFE5 /* MovieBrowserUITests */ = {
			isa = PBXNativeTarget;
			buildConfigurationList = 867E778826DD79970070EFE5 /* Build configuration list for PBXNativeTarget "MovieBrowserUITests" */;
			buildPhases = (
				867E777626DD79970070EFE5 /* Sources */,
				867E777726DD79970070EFE5 /* Frameworks */,
				867E777826DD79970070EFE5 /* Resources */,
			);
			buildRules = (
			);
			dependencies = (
				867E777C26DD79970070EFE5 /* PBXTargetDependency */,
			);
			name = MovieBrowserUITests;
			productName = MovieBrowserUITests;
			productReference = 867E777A26DD79970070EFE5 /* MovieBrowserUITests.xctest */;
			productType = "com.apple.product-type.bundle.ui-testing";
		};
/* End PBXNativeTarget section */

/* Begin PBXProject section */
		867E775226DD79910070EFE5 /* Project object */ = {
			isa = PBXProject;
			attributes = {
				BuildIndependentTargetsInParallel = 1;
				LastSwiftUpdateCheck = 1300;
				LastUpgradeCheck = 1300;
				TargetAttributes = {
					867E775926DD79910070EFE5 = {
						CreatedOnToolsVersion = 13.0;
					};
					867E776F26DD79970070EFE5 = {
						CreatedOnToolsVersion = 13.0;
						TestTargetID = 867E775926DD79910070EFE5;
					};
					867E777926DD79970070EFE5 = {
						CreatedOnToolsVersion = 13.0;
						TestTargetID = 867E775926DD79910070EFE5;
					};
				};
			};
			buildConfigurationList = 867E775526DD79910070EFE5 /* Build configuration list for PBXProject "MovieBrowser" */;
			compatibilityVersion = "Xcode 13.0";
			developmentRegion = en;
			hasScannedForEncodings = 0;
			knownRegions = (
				en,
				Base,
			);
			mainGroup = 867E775126DD79910070EFE5;
			productRefGroup = 867E775B26DD79910070EFE5 /* Products */;
			projectDirPath = "";
			projectRoot = "";
			targets = (
				867E775926DD79910070EFE5 /* MovieBrowser */,
				867E776F26DD79970070EFE5 /* MovieBrowserTests */,
				867E777926DD79970070EFE5 /* MovieBrowserUITests */,
			);
		};
/* End PBXProject section */

/* Begin PBXResourcesBuildPhase section */
		867E775826DD79910070EFE5 /* Resources */ = {
			isa = PBXResourcesBuildPhase;
			buildActionMask = 2147483647;
			files = (
				867E776A26DD79960070EFE5 /* LaunchScreen.storyboard in Resources */,
				867E776726DD79960070EFE5 /* Assets.xcassets in Resources */,
				867E776526DD79910070EFE5 /* Main.storyboard in Resources */,
			);
			runOnlyForDeploymentPostprocessing = 0;
		};
		867E776E26DD79970070EFE5 /* Resources */ = {
			isa = PBXResourcesBuildPhase;
			buildActionMask = 2147483647;
			files = (
			);
			runOnlyForDeploymentPostprocessing = 0;
		};
		867E777826DD79970070EFE5 /* Resources */ = {
			isa = PBXResourcesBuildPhase;
			buildActionMask = 2147483647;
			files = (
			);
			runOnlyForDeploymentPostprocessing = 0;
		};
/* End PBXResourcesBuildPhase section */

/* Begin PBXSourcesBuildPhase section */
		867E775626DD79910070EFE5 /* Sources */ = {
			isa = PBXSourcesBuildPhase;
			buildActionMask = 2147483647;
			files = (
				867E779626DD7B7E0070EFE5 /* Movie.swift in Sources */,
				867E776226DD79910070EFE5 /* MoviesListViewController.swift in Sources */,
				867E779C26DD86860070EFE5 /* MovieCell.swift in Sources */,
				867E775E26DD79910070EFE5 /* AppDelegate.swift in Sources */,
				867E776026DD79910070EFE5 /* SceneDelegate.swift in Sources */,
				867E779426DD7B5E0070EFE5 /* MoviesPage.swift in Sources */,
				867E778F26DD7AA30070EFE5 /* Endpoints.swift in Sources */,
				867E779826DD803A0070EFE5 /* MoviesListDataSource.swift in Sources */,
			);
			runOnlyForDeploymentPostprocessing = 0;
		};
		867E776C26DD79970070EFE5 /* Sources */ = {
			isa = PBXSourcesBuildPhase;
			buildActionMask = 2147483647;
			files = (
				867E777526DD79970070EFE5 /* MovieBrowserTests.swift in Sources */,
				867E779226DD7B090070EFE5 /* MovieDecodingTests.swift in Sources */,
			);
			runOnlyForDeploymentPostprocessing = 0;
		};
		867E777626DD79970070EFE5 /* Sources */ = {
			isa = PBXSourcesBuildPhase;
			buildActionMask = 2147483647;
			files = (
				867E777F26DD79970070EFE5 /* MovieBrowserUITests.swift in Sources */,
			);
			runOnlyForDeploymentPostprocessing = 0;
		};
/* End PBXSourcesBuildPhase section */

/* Begin PBXTargetDependency section */
		867E777226DD79970070EFE5 /* PBXTargetDependency */ = {
			isa = PBXTargetDependency;
			target = 867E775926DD79910070EFE5 /* MovieBrowser */;
			targetProxy = 867E777126DD79970070EFE5 /* PBXContainerItemProxy */;
		};
		867E777C26DD79970070EFE5 /* PBXTargetDependency */ = {
			isa = PBXTargetDependency;
			target = 867E775926DD79910070EFE5 /* MovieBrowser */;
			targetProxy = 867E777B26DD79970070EFE5 /* PBXContainerItemProxy */;
		};
/* End PBXTargetDependency section */

/* Begin PBXVariantGroup section */
		867E776326DD79910070EFE5 /* Main.storyboard */ = {
			isa = PBXVariantGroup;
			children = (
				867E776426DD79910070EFE5 /* Base */,
			);
			name = Main.storyboard;
			sourceTree = "<group>";
		};
		867E776826DD79960070EFE5 /* LaunchScreen.storyboard */ = {
			isa = PBXVariantGroup;
			children = (
				867E776926DD79960070EFE5 /* Base */,
			);
			name = LaunchScreen.storyboard;
			sourceTree = "<group>";
		};
/* End PBXVariantGroup section */

/* Begin XCBuildConfiguration section */
		867E778026DD79970070EFE5 /* Debug */ = {
			isa = XCBuildConfiguration;
			buildSettings = {
				ALWAYS_SEARCH_USER_PATHS = NO;
				CLANG_ANALYZER_NONNULL = YES;
				CLANG_ANALYZER_NUMBER_OBJECT_CONVERSION = YES_AGGRESSIVE;
				CLANG_CXX_LANGUAGE_STANDARD = "gnu++14";
				CLANG_CXX_LIBRARY = "libc++";
				CLANG_ENABLE_MODULES = YES;
				CLANG_ENABLE_OBJC_ARC = YES;
				CLANG_ENABLE_OBJC_WEAK = YES;
				CLANG_WARN_BLOCK_CAPTURE_AUTORELEASING = YES;
				CLANG_WARN_BOOL_CONVERSION = YES;
				CLANG_WARN_COMMA = YES;
				CLANG_WARN_CONSTANT_CONVERSION = YES;
				CLANG_WARN_DEPRECATED_OBJC_IMPLEMENTATIONS = YES;
				CLANG_WARN_DIRECT_OBJC_ISA_USAGE = YES_ERROR;
				CLANG_WARN_DOCUMENTATION_COMMENTS = YES;
				CLANG_WARN_EMPTY_BODY = YES;
				CLANG_WARN_ENUM_CONVERSION = YES;
				CLANG_WARN_INFINITE_RECURSION = YES;
				CLANG_WARN_INT_CONVERSION = YES;
				CLANG_WARN_NON_LITERAL_NULL_CONVERSION = YES;
				CLANG_WARN_OBJC_IMPLICIT_RETAIN_SELF = YES;
				CLANG_WARN_OBJC_LITERAL_CONVERSION = YES;
				CLANG_WARN_OBJC_ROOT_CLASS = YES_ERROR;
				CLANG_WARN_QUOTED_INCLUDE_IN_FRAMEWORK_HEADER = YES;
				CLANG_WARN_RANGE_LOOP_ANALYSIS = YES;
				CLANG_WARN_STRICT_PROTOTYPES = YES;
				CLANG_WARN_SUSPICIOUS_MOVE = YES;
				CLANG_WARN_UNGUARDED_AVAILABILITY = YES_AGGRESSIVE;
				CLANG_WARN_UNREACHABLE_CODE = YES;
				CLANG_WARN__DUPLICATE_METHOD_MATCH = YES;
				COPY_PHASE_STRIP = NO;
				DEBUG_INFORMATION_FORMAT = dwarf;
				ENABLE_STRICT_OBJC_MSGSEND = YES;
				ENABLE_TESTABILITY = YES;
				GCC_C_LANGUAGE_STANDARD = gnu11;
				GCC_DYNAMIC_NO_PIC = NO;
				GCC_NO_COMMON_BLOCKS = YES;
				GCC_OPTIMIZATION_LEVEL = 0;
				GCC_PREPROCESSOR_DEFINITIONS = (
					"DEBUG=1",
					"$(inherited)",
				);
				GCC_WARN_64_TO_32_BIT_CONVERSION = YES;
				GCC_WARN_ABOUT_RETURN_TYPE = YES_ERROR;
				GCC_WARN_UNDECLARED_SELECTOR = YES;
				GCC_WARN_UNINITIALIZED_AUTOS = YES_AGGRESSIVE;
				GCC_WARN_UNUSED_FUNCTION = YES;
				GCC_WARN_UNUSED_VARIABLE = YES;
				IPHONEOS_DEPLOYMENT_TARGET = 15.0;
				MTL_ENABLE_DEBUG_INFO = INCLUDE_SOURCE;
				MTL_FAST_MATH = YES;
				ONLY_ACTIVE_ARCH = YES;
				SDKROOT = iphoneos;
				SWIFT_ACTIVE_COMPILATION_CONDITIONS = DEBUG;
				SWIFT_OPTIMIZATION_LEVEL = "-Onone";
			};
			name = Debug;
		};
		867E778126DD79970070EFE5 /* Release */ = {
			isa = XCBuildConfiguration;
			buildSettings = {
				ALWAYS_SEARCH_USER_PATHS = NO;
				CLANG_ANALYZER_NONNULL = YES;
				CLANG_ANALYZER_NUMBER_OBJECT_CONVERSION = YES_AGGRESSIVE;
				CLANG_CXX_LANGUAGE_STANDARD = "gnu++14";
				CLANG_CXX_LIBRARY = "libc++";
				CLANG_ENABLE_MODULES = YES;
				CLANG_ENABLE_OBJC_ARC = YES;
				CLANG_ENABLE_OBJC_WEAK = YES;
				CLANG_WARN_BLOCK_CAPTURE_AUTORELEASING = YES;
				CLANG_WARN_BOOL_CONVERSION = YES;
				CLANG_WARN_COMMA = YES;
				CLANG_WARN_CONSTANT_CONVERSION = YES;
				CLANG_WARN_DEPRECATED_OBJC_IMPLEMENTATIONS = YES;
				CLANG_WARN_DIRECT_OBJC_ISA_USAGE = YES_ERROR;
				CLANG_WARN_DOCUMENTATION_COMMENTS = YES;
				CLANG_WARN_EMPTY_BODY = YES;
				CLANG_WARN_ENUM_CONVERSION = YES;
				CLANG_WARN_INFINITE_RECURSION = YES;
				CLANG_WARN_INT_CONVERSION = YES;
				CLANG_WARN_NON_LITERAL_NULL_CONVERSION = YES;
				CLANG_WARN_OBJC_IMPLICIT_RETAIN_SELF = YES;
				CLANG_WARN_OBJC_LITERAL_CONVERSION = YES;
				CLANG_WARN_OBJC_ROOT_CLASS = YES_ERROR;
				CLANG_WARN_QUOTED_INCLUDE_IN_FRAMEWORK_HEADER = YES;
				CLANG_WARN_RANGE_LOOP_ANALYSIS = YES;
				CLANG_WARN_STRICT_PROTOTYPES = YES;
				CLANG_WARN_SUSPICIOUS_MOVE = YES;
				CLANG_WARN_UNGUARDED_AVAILABILITY = YES_AGGRESSIVE;
				CLANG_WARN_UNREACHABLE_CODE = YES;
				CLANG_WARN__DUPLICATE_METHOD_MATCH = YES;
				COPY_PHASE_STRIP = NO;
				DEBUG_INFORMATION_FORMAT = "dwarf-with-dsym";
				ENABLE_NS_ASSERTIONS = NO;
				ENABLE_STRICT_OBJC_MSGSEND = YES;
				GCC_C_LANGUAGE_STANDARD = gnu11;
				GCC_NO_COMMON_BLOCKS = YES;
				GCC_WARN_64_TO_32_BIT_CONVERSION = YES;
				GCC_WARN_ABOUT_RETURN_TYPE = YES_ERROR;
				GCC_WARN_UNDECLARED_SELECTOR = YES;
				GCC_WARN_UNINITIALIZED_AUTOS = YES_AGGRESSIVE;
				GCC_WARN_UNUSED_FUNCTION = YES;
				GCC_WARN_UNUSED_VARIABLE = YES;
				IPHONEOS_DEPLOYMENT_TARGET = 15.0;
				MTL_ENABLE_DEBUG_INFO = NO;
				MTL_FAST_MATH = YES;
				SDKROOT = iphoneos;
				SWIFT_COMPILATION_MODE = wholemodule;
				SWIFT_OPTIMIZATION_LEVEL = "-O";
				VALIDATE_PRODUCT = YES;
			};
			name = Release;
		};
		867E778326DD79970070EFE5 /* Debug */ = {
			isa = XCBuildConfiguration;
			buildSettings = {
				ASSETCATALOG_COMPILER_APPICON_NAME = AppIcon;
				ASSETCATALOG_COMPILER_GLOBAL_ACCENT_COLOR_NAME = AccentColor;
				CODE_SIGN_STYLE = Automatic;
				CURRENT_PROJECT_VERSION = 1;
				DEVELOPMENT_TEAM = 8VPYJWT4Q6;
				GENERATE_INFOPLIST_FILE = YES;
				INFOPLIST_FILE = MovieBrowser/Info.plist;
				INFOPLIST_KEY_UIApplicationSupportsIndirectInputEvents = YES;
				INFOPLIST_KEY_UILaunchStoryboardName = LaunchScreen;
				INFOPLIST_KEY_UIMainStoryboardFile = Main;
				INFOPLIST_KEY_UISupportedInterfaceOrientations_iPad = "UIInterfaceOrientationPortrait UIInterfaceOrientationPortraitUpsideDown UIInterfaceOrientationLandscapeLeft UIInterfaceOrientationLandscapeRight";
				INFOPLIST_KEY_UISupportedInterfaceOrientations_iPhone = "UIInterfaceOrientationPortrait UIInterfaceOrientationLandscapeLeft UIInterfaceOrientationLandscapeRight";
				LD_RUNPATH_SEARCH_PATHS = (
					"$(inherited)",
					"@executable_path/Frameworks",
				);
				MARKETING_VERSION = 1.0;
				PRODUCT_BUNDLE_IDENTIFIER = com.deadsimpleapps.MovieBrowser;
				PRODUCT_NAME = "$(TARGET_NAME)";
				SWIFT_EMIT_LOC_STRINGS = YES;
				SWIFT_VERSION = 5.0;
				TARGETED_DEVICE_FAMILY = "1,2";
			};
			name = Debug;
		};
		867E778426DD79970070EFE5 /* Release */ = {
			isa = XCBuildConfiguration;
			buildSettings = {
				ASSETCATALOG_COMPILER_APPICON_NAME = AppIcon;
				ASSETCATALOG_COMPILER_GLOBAL_ACCENT_COLOR_NAME = AccentColor;
				CODE_SIGN_STYLE = Automatic;
				CURRENT_PROJECT_VERSION = 1;
				DEVELOPMENT_TEAM = 8VPYJWT4Q6;
				GENERATE_INFOPLIST_FILE = YES;
				INFOPLIST_FILE = MovieBrowser/Info.plist;
				INFOPLIST_KEY_UIApplicationSupportsIndirectInputEvents = YES;
				INFOPLIST_KEY_UILaunchStoryboardName = LaunchScreen;
				INFOPLIST_KEY_UIMainStoryboardFile = Main;
				INFOPLIST_KEY_UISupportedInterfaceOrientations_iPad = "UIInterfaceOrientationPortrait UIInterfaceOrientationPortraitUpsideDown UIInterfaceOrientationLandscapeLeft UIInterfaceOrientationLandscapeRight";
				INFOPLIST_KEY_UISupportedInterfaceOrientations_iPhone = "UIInterfaceOrientationPortrait UIInterfaceOrientationLandscapeLeft UIInterfaceOrientationLandscapeRight";
				LD_RUNPATH_SEARCH_PATHS = (
					"$(inherited)",
					"@executable_path/Frameworks",
				);
				MARKETING_VERSION = 1.0;
				PRODUCT_BUNDLE_IDENTIFIER = com.deadsimpleapps.MovieBrowser;
				PRODUCT_NAME = "$(TARGET_NAME)";
				SWIFT_EMIT_LOC_STRINGS = YES;
				SWIFT_VERSION = 5.0;
				TARGETED_DEVICE_FAMILY = "1,2";
			};
			name = Release;
		};
		867E778626DD79970070EFE5 /* Debug */ = {
			isa = XCBuildConfiguration;
			buildSettings = {
				ALWAYS_EMBED_SWIFT_STANDARD_LIBRARIES = YES;
				BUNDLE_LOADER = "$(TEST_HOST)";
				CODE_SIGN_STYLE = Automatic;
				CURRENT_PROJECT_VERSION = 1;
				DEVELOPMENT_TEAM = 8VPYJWT4Q6;
				GENERATE_INFOPLIST_FILE = YES;
				IPHONEOS_DEPLOYMENT_TARGET = 15.0;
				LD_RUNPATH_SEARCH_PATHS = (
					"$(inherited)",
					"@executable_path/Frameworks",
					"@loader_path/Frameworks",
				);
				MARKETING_VERSION = 1.0;
				PRODUCT_BUNDLE_IDENTIFIER = com.deadsimpleapps.MovieBrowserTests;
				PRODUCT_NAME = "$(TARGET_NAME)";
				SWIFT_EMIT_LOC_STRINGS = NO;
				SWIFT_VERSION = 5.0;
				TARGETED_DEVICE_FAMILY = "1,2";
				TEST_HOST = "$(BUILT_PRODUCTS_DIR)/MovieBrowser.app/MovieBrowser";
			};
			name = Debug;
		};
		867E778726DD79970070EFE5 /* Release */ = {
			isa = XCBuildConfiguration;
			buildSettings = {
				ALWAYS_EMBED_SWIFT_STANDARD_LIBRARIES = YES;
				BUNDLE_LOADER = "$(TEST_HOST)";
				CODE_SIGN_STYLE = Automatic;
				CURRENT_PROJECT_VERSION = 1;
				DEVELOPMENT_TEAM = 8VPYJWT4Q6;
				GENERATE_INFOPLIST_FILE = YES;
				IPHONEOS_DEPLOYMENT_TARGET = 15.0;
				LD_RUNPATH_SEARCH_PATHS = (
					"$(inherited)",
					"@executable_path/Frameworks",
					"@loader_path/Frameworks",
				);
				MARKETING_VERSION = 1.0;
				PRODUCT_BUNDLE_IDENTIFIER = com.deadsimpleapps.MovieBrowserTests;
				PRODUCT_NAME = "$(TARGET_NAME)";
				SWIFT_EMIT_LOC_STRINGS = NO;
				SWIFT_VERSION = 5.0;
				TARGETED_DEVICE_FAMILY = "1,2";
				TEST_HOST = "$(BUILT_PRODUCTS_DIR)/MovieBrowser.app/MovieBrowser";
			};
			name = Release;
		};
		867E778926DD79970070EFE5 /* Debug */ = {
			isa = XCBuildConfiguration;
			buildSettings = {
				ALWAYS_EMBED_SWIFT_STANDARD_LIBRARIES = YES;
				CODE_SIGN_STYLE = Automatic;
				CURRENT_PROJECT_VERSION = 1;
				DEVELOPMENT_TEAM = 8VPYJWT4Q6;
				GENERATE_INFOPLIST_FILE = YES;
				LD_RUNPATH_SEARCH_PATHS = (
					"$(inherited)",
					"@executable_path/Frameworks",
					"@loader_path/Frameworks",
				);
				MARKETING_VERSION = 1.0;
				PRODUCT_BUNDLE_IDENTIFIER = com.deadsimpleapps.MovieBrowserUITests;
				PRODUCT_NAME = "$(TARGET_NAME)";
				SWIFT_EMIT_LOC_STRINGS = NO;
				SWIFT_VERSION = 5.0;
				TARGETED_DEVICE_FAMILY = "1,2";
				TEST_TARGET_NAME = MovieBrowser;
			};
			name = Debug;
		};
		867E778A26DD79970070EFE5 /* Release */ = {
			isa = XCBuildConfiguration;
			buildSettings = {
				ALWAYS_EMBED_SWIFT_STANDARD_LIBRARIES = YES;
				CODE_SIGN_STYLE = Automatic;
				CURRENT_PROJECT_VERSION = 1;
				DEVELOPMENT_TEAM = 8VPYJWT4Q6;
				GENERATE_INFOPLIST_FILE = YES;
				LD_RUNPATH_SEARCH_PATHS = (
					"$(inherited)",
					"@executable_path/Frameworks",
					"@loader_path/Frameworks",
				);
				MARKETING_VERSION = 1.0;
				PRODUCT_BUNDLE_IDENTIFIER = com.deadsimpleapps.MovieBrowserUITests;
				PRODUCT_NAME = "$(TARGET_NAME)";
				SWIFT_EMIT_LOC_STRINGS = NO;
				SWIFT_VERSION = 5.0;
				TARGETED_DEVICE_FAMILY = "1,2";
				TEST_TARGET_NAME = MovieBrowser;
			};
			name = Release;
		};
/* End XCBuildConfiguration section */

/* Begin XCConfigurationList section */
		867E775526DD79910070EFE5 /* Build configuration list for PBXProject "MovieBrowser" */ = {
			isa = XCConfigurationList;
			buildConfigurations = (
				867E778026DD79970070EFE5 /* Debug */,
				867E778126DD79970070EFE5 /* Release */,
			);
			defaultConfigurationIsVisible = 0;
			defaultConfigurationName = Release;
		};
		867E778226DD79970070EFE5 /* Build configuration list for PBXNativeTarget "MovieBrowser" */ = {
			isa = XCConfigurationList;
			buildConfigurations = (
				867E778326DD79970070EFE5 /* Debug */,
				867E778426DD79970070EFE5 /* Release */,
			);
			defaultConfigurationIsVisible = 0;
			defaultConfigurationName = Release;
		};
		867E778526DD79970070EFE5 /* Build configuration list for PBXNativeTarget "MovieBrowserTests" */ = {
			isa = XCConfigurationList;
			buildConfigurations = (
				867E778626DD79970070EFE5 /* Debug */,
				867E778726DD79970070EFE5 /* Release */,
			);
			defaultConfigurationIsVisible = 0;
			defaultConfigurationName = Release;
		};
		867E778826DD79970070EFE5 /* Build configuration list for PBXNativeTarget "MovieBrowserUITests" */ = {
			isa = XCConfigurationList;
			buildConfigurations = (
				867E778926DD79970070EFE5 /* Debug */,
				867E778A26DD79970070EFE5 /* Release */,
			);
			defaultConfigurationIsVisible = 0;
			defaultConfigurationName = Release;
		};
/* End XCConfigurationList section */
	};
	rootObject = 867E775226DD79910070EFE5 /* Project object */;
}
